<?xml version="1.0" encoding="utf-8"?>
<Project ToolsVersion="4.0" xmlns="http://schemas.microsoft.com/developer/msbuild/2003">
  <ItemGroup>
    <ClCompile Include="main.c" />
    <ClCompile Include="bigint.c" />
    <ClCompile Include="solovay_strassen.c" />
    <ClCompile Include="rsa.c" />
  </ItemGroup>
  <ItemGroup>
    <ClInclude Include="config.h" />
    <ClInclude Include="common.h" />
    <ClInclude Include="bigint.h" />
    <ClInclude Include="solovay_strassen.h" />
    <ClInclude Include="rsa.h" />
  </ItemGroup>
</Project>